// !$*UTF8*$!
{
	archiveVersion = 1;
	classes = {
	};
	objectVersion = 46;
	objects = {

/* Begin PBXBuildFile section */
		B8C534071B437E6B006C4875 /* AppDelegate.swift in Sources */ = {isa = PBXBuildFile; fileRef = B8C534061B437E6B006C4875 /* AppDelegate.swift */; };
		B8C5340A1B437E6B006C4875 /* MayaHoneyApp.xcdatamodeld in Sources */ = {isa = PBXBuildFile; fileRef = B8C534081B437E6B006C4875 /* MayaHoneyApp.xcdatamodeld */; };
		B8C5340C1B437E6B006C4875 /* ViewController.swift in Sources */ = {isa = PBXBuildFile; fileRef = B8C5340B1B437E6B006C4875 /* ViewController.swift */; };
		B8C5340F1B437E6B006C4875 /* Main.storyboard in Resources */ = {isa = PBXBuildFile; fileRef = B8C5340D1B437E6B006C4875 /* Main.storyboard */; };
		B8C534111B437E6B006C4875 /* Images.xcassets in Resources */ = {isa = PBXBuildFile; fileRef = B8C534101B437E6B006C4875 /* Images.xcassets */; };
		B8C534141B437E6B006C4875 /* LaunchScreen.xib in Resources */ = {isa = PBXBuildFile; fileRef = B8C534121B437E6B006C4875 /* LaunchScreen.xib */; };
		B8C534201B437E6B006C4875 /* MayaHoneyAppTests.swift in Sources */ = {isa = PBXBuildFile; fileRef = B8C5341F1B437E6B006C4875 /* MayaHoneyAppTests.swift */; };
/* End PBXBuildFile section */

/* Begin PBXContainerItemProxy section */
		B8C5341A1B437E6B006C4875 /* PBXContainerItemProxy */ = {
			isa = PBXContainerItemProxy;
			containerPortal = B8C533F91B437E6B006C4875 /* Project object */;
			proxyType = 1;
			remoteGlobalIDString = B8C534001B437E6B006C4875;
			remoteInfo = MayaHoneyApp;
		};
/* End PBXContainerItemProxy section */

/* Begin PBXFileReference section */
		B8C534011B437E6B006C4875 /* MayaHoneyApp.app */ = {isa = PBXFileReference; explicitFileType = wrapper.application; includeInIndex = 0; path = MayaHoneyApp.app; sourceTree = BUILT_PRODUCTS_DIR; };
		B8C534051B437E6B006C4875 /* Info.plist */ = {isa = PBXFileReference; lastKnownFileType = text.plist.xml; path = Info.plist; sourceTree = "<group>"; };
		B8C534061B437E6B006C4875 /* AppDelegate.swift */ = {isa = PBXFileReference; lastKnownFileType = sourcecode.swift; path = AppDelegate.swift; sourceTree = "<group>"; };
		B8C534091B437E6B006C4875 /* MayaHoneyApp.xcdatamodel */ = {isa = PBXFileReference; lastKnownFileType = wrapper.xcdatamodel; path = MayaHoneyApp.xcdatamodel; sourceTree = "<group>"; };
		B8C5340B1B437E6B006C4875 /* ViewController.swift */ = {isa = PBXFileReference; lastKnownFileType = sourcecode.swift; path = ViewController.swift; sourceTree = "<group>"; };
		B8C5340E1B437E6B006C4875 /* Base */ = {isa = PBXFileReference; lastKnownFileType = file.storyboard; name = Base; path = Base.lproj/Main.storyboard; sourceTree = "<group>"; };
		B8C534101B437E6B006C4875 /* Images.xcassets */ = {isa = PBXFileReference; lastKnownFileType = folder.assetcatalog; path = Images.xcassets; sourceTree = "<group>"; };
		B8C534131B437E6B006C4875 /* Base */ = {isa = PBXFileReference; lastKnownFileType = file.xib; name = Base; path = Base.lproj/LaunchScreen.xib; sourceTree = "<group>"; };
		B8C534191B437E6B006C4875 /* MayaHoneyAppTests.xctest */ = {isa = PBXFileReference; explicitFileType = wrapper.cfbundle; includeInIndex = 0; path = MayaHoneyAppTests.xctest; sourceTree = BUILT_PRODUCTS_DIR; };
		B8C5341E1B437E6B006C4875 /* Info.plist */ = {isa = PBXFileReference; lastKnownFileType = text.plist.xml; path = Info.plist; sourceTree = "<group>"; };
		B8C5341F1B437E6B006C4875 /* MayaHoneyAppTests.swift */ = {isa = PBXFileReference; lastKnownFileType = sourcecode.swift; path = MayaHoneyAppTests.swift; sourceTree = "<group>"; };
/* End PBXFileReference section */

/* Begin PBXFrameworksBuildPhase section */
		B8C533FE1B437E6B006C4875 /* Frameworks */ = {
			isa = PBXFrameworksBuildPhase;
			buildActionMask = 2147483647;
			files = (
			);
			runOnlyForDeploymentPostprocessing = 0;
		};
		B8C534161B437E6B006C4875 /* Frameworks */ = {
			isa = PBXFrameworksBuildPhase;
			buildActionMask = 2147483647;
			files = (
			);
			runOnlyForDeploymentPostprocessing = 0;
		};
/* End PBXFrameworksBuildPhase section */

/* Begin PBXGroup section */
		B8C533F81B437E6B006C4875 = {
			isa = PBXGroup;
			children = (
				B8C534031B437E6B006C4875 /* MayaHoneyApp */,
				B8C5341C1B437E6B006C4875 /* MayaHoneyAppTests */,
				B8C534021B437E6B006C4875 /* Products */,
			);
			sourceTree = "<group>";
		};
		B8C534021B437E6B006C4875 /* Products */ = {
			isa = PBXGroup;
			children = (
				B8C534011B437E6B006C4875 /* MayaHoneyApp.app */,
				B8C534191B437E6B006C4875 /* MayaHoneyAppTests.xctest */,
			);
			name = Products;
			sourceTree = "<group>";
		};
		B8C534031B437E6B006C4875 /* MayaHoneyApp */ = {
			isa = PBXGroup;
			children = (
				B8C534061B437E6B006C4875 /* AppDelegate.swift */,
				B8C5340B1B437E6B006C4875 /* ViewController.swift */,
				B8C5340D1B437E6B006C4875 /* Main.storyboard */,
				B8C534101B437E6B006C4875 /* Images.xcassets */,
				B8C534121B437E6B006C4875 /* LaunchScreen.xib */,
				B8C534081B437E6B006C4875 /* MayaHoneyApp.xcdatamodeld */,
				B8C534041B437E6B006C4875 /* Supporting Files */,
			);
			path = MayaHoneyApp;
			sourceTree = "<group>";
		};
		B8C534041B437E6B006C4875 /* Supporting Files */ = {
			isa = PBXGroup;
			children = (
				B8C534051B437E6B006C4875 /* Info.plist */,
			);
			name = "Supporting Files";
			sourceTree = "<group>";
		};
		B8C5341C1B437E6B006C4875 /* MayaHoneyAppTests */ = {
			isa = PBXGroup;
			children = (
				B8C5341F1B437E6B006C4875 /* MayaHoneyAppTests.swift */,
				B8C5341D1B437E6B006C4875 /* Supporting Files */,
			);
			path = MayaHoneyAppTests;
			sourceTree = "<group>";
		};
		B8C5341D1B437E6B006C4875 /* Supporting Files */ = {
			isa = PBXGroup;
			children = (
				B8C5341E1B437E6B006C4875 /* Info.plist */,
			);
			name = "Supporting Files";
			sourceTree = "<group>";
		};
/* End PBXGroup section */

/* Begin PBXNativeTarget section */
		B8C534001B437E6B006C4875 /* MayaHoneyApp */ = {
			isa = PBXNativeTarget;
			buildConfigurationList = B8C534231B437E6B006C4875 /* Build configuration list for PBXNativeTarget "MayaHoneyApp" */;
			buildPhases = (
				B8C533FD1B437E6B006C4875 /* Sources */,
				B8C533FE1B437E6B006C4875 /* Frameworks */,
				B8C533FF1B437E6B006C4875 /* Resources */,
			);
			buildRules = (
			);
			dependencies = (
			);
			name = MayaHoneyApp;
			productName = MayaHoneyApp;
			productReference = B8C534011B437E6B006C4875 /* MayaHoneyApp.app */;
			productType = "com.apple.product-type.application";
		};
		B8C534181B437E6B006C4875 /* MayaHoneyAppTests */ = {
			isa = PBXNativeTarget;
			buildConfigurationList = B8C534261B437E6B006C4875 /* Build configuration list for PBXNativeTarget "MayaHoneyAppTests" */;
			buildPhases = (
				B8C534151B437E6B006C4875 /* Sources */,
				B8C534161B437E6B006C4875 /* Frameworks */,
				B8C534171B437E6B006C4875 /* Resources */,
			);
			buildRules = (
			);
			dependencies = (
				B8C5341B1B437E6B006C4875 /* PBXTargetDependency */,
			);
			name = MayaHoneyAppTests;
			productName = MayaHoneyAppTests;
			productReference = B8C534191B437E6B006C4875 /* MayaHoneyAppTests.xctest */;
			productType = "com.apple.product-type.bundle.unit-test";
		};
/* End PBXNativeTarget section */

/* Begin PBXProject section */
		B8C533F91B437E6B006C4875 /* Project object */ = {
			isa = PBXProject;
			attributes = {
				LastUpgradeCheck = 0630;
				ORGANIZATIONNAME = SAP;
				TargetAttributes = {
					B8C534001B437E6B006C4875 = {
						CreatedOnToolsVersion = 6.3.2;
					};
					B8C534181B437E6B006C4875 = {
						CreatedOnToolsVersion = 6.3.2;
						TestTargetID = B8C534001B437E6B006C4875;
					};
				};
			};
			buildConfigurationList = B8C533FC1B437E6B006C4875 /* Build configuration list for PBXProject "MayaHoneyApp" */;
			compatibilityVersion = "Xcode 3.2";
			developmentRegion = English;
			hasScannedForEncodings = 0;
			knownRegions = (
				en,
				Base,
			);
			mainGroup = B8C533F81B437E6B006C4875;
			productRefGroup = B8C534021B437E6B006C4875 /* Products */;
			projectDirPath = "";
			projectRoot = "";
			targets = (
				B8C534001B437E6B006C4875 /* MayaHoneyApp */,
				B8C534181B437E6B006C4875 /* MayaHoneyAppTests */,
			);
		};
/* End PBXProject section */

/* Begin PBXResourcesBuildPhase section */
		B8C533FF1B437E6B006C4875 /* Resources */ = {
			isa = PBXResourcesBuildPhase;
			buildActionMask = 2147483647;
			files = (
				B8C5340F1B437E6B006C4875 /* Main.storyboard in Resources */,
				B8C534141B437E6B006C4875 /* LaunchScreen.xib in Resources */,
				B8C534111B437E6B006C4875 /* Images.xcassets in Resources */,
			);
			runOnlyForDeploymentPostprocessing = 0;
		};
		B8C534171B437E6B006C4875 /* Resources */ = {
			isa = PBXResourcesBuildPhase;
			buildActionMask = 2147483647;
			files = (
			);
			runOnlyForDeploymentPostprocessing = 0;
		};
/* End PBXResourcesBuildPhase section */

/* Begin PBXSourcesBuildPhase section */
		B8C533FD1B437E6B006C4875 /* Sources */ = {
			isa = PBXSourcesBuildPhase;
			buildActionMask = 2147483647;
			files = (
				B8C5340C1B437E6B006C4875 /* ViewController.swift in Sources */,
				B8C534071B437E6B006C4875 /* AppDelegate.swift in Sources */,
				B8C5340A1B437E6B006C4875 /* MayaHoneyApp.xcdatamodeld in Sources */,
			);
			runOnlyForDeploymentPostprocessing = 0;
		};
		B8C534151B437E6B006C4875 /* Sources */ = {
			isa = PBXSourcesBuildPhase;
			buildActionMask = 2147483647;
			files = (
				B8C534201B437E6B006C4875 /* MayaHoneyAppTests.swift in Sources */,
			);
			runOnlyForDeploymentPostprocessing = 0;
		};
/* End PBXSourcesBuildPhase section */

/* Begin PBXTargetDependency section */
		B8C5341B1B437E6B006C4875 /* PBXTargetDependency */ = {
			isa = PBXTargetDependency;
			target = B8C534001B437E6B006C4875 /* MayaHoneyApp */;
			targetProxy = B8C5341A1B437E6B006C4875 /* PBXContainerItemProxy */;
		};
/* End PBXTargetDependency section */

/* Begin PBXVariantGroup section */
		B8C5340D1B437E6B006C4875 /* Main.storyboard */ = {
			isa = PBXVariantGroup;
			children = (
				B8C5340E1B437E6B006C4875 /* Base */,
			);
			name = Main.storyboard;
			sourceTree = "<group>";
		};
		B8C534121B437E6B006C4875 /* LaunchScreen.xib */ = {
			isa = PBXVariantGroup;
			children = (
				B8C534131B437E6B006C4875 /* Base */,
			);
			name = LaunchScreen.xib;
			sourceTree = "<group>";
		};
/* End PBXVariantGroup section */

/* Begin XCBuildConfiguration section */
		B8C534211B437E6B006C4875 /* Debug */ = {
			isa = XCBuildConfiguration;
			buildSettings = {
				ALWAYS_SEARCH_USER_PATHS = NO;
				CLANG_CXX_LANGUAGE_STANDARD = "gnu++0x";
				CLANG_CXX_LIBRARY = "libc++";
				CLANG_ENABLE_MODULES = YES;
				CLANG_ENABLE_OBJC_ARC = YES;
				CLANG_WARN_BOOL_CONVERSION = YES;
				CLANG_WARN_CONSTANT_CONVERSION = YES;
				CLANG_WARN_DIRECT_OBJC_ISA_USAGE = YES_ERROR;
				CLANG_WARN_EMPTY_BODY = YES;
				CLANG_WARN_ENUM_CONVERSION = YES;
				CLANG_WARN_INT_CONVERSION = YES;
				CLANG_WARN_OBJC_ROOT_CLASS = YES_ERROR;
				CLANG_WARN_UNREACHABLE_CODE = YES;
				CLANG_WARN__DUPLICATE_METHOD_MATCH = YES;
				"CODE_SIGN_IDENTITY[sdk=iphoneos*]" = "iPhone Developer";
				COPY_PHASE_STRIP = NO;
				DEBUG_INFORMATION_FORMAT = "dwarf-with-dsym";
				ENABLE_STRICT_OBJC_MSGSEND = YES;
				GCC_C_LANGUAGE_STANDARD = gnu99;
				GCC_DYNAMIC_NO_PIC = NO;
				GCC_NO_COMMON_BLOCKS = YES;
				GCC_OPTIMIZATION_LEVEL = 0;
				GCC_PREPROCESSOR_DEFINITIONS = (
					"DEBUG=1",
					"$(inherited)",
				);
				GCC_SYMBOLS_PRIVATE_EXTERN = NO;
				GCC_WARN_64_TO_32_BIT_CONVERSION = YES;
				GCC_WARN_ABOUT_RETURN_TYPE = YES_ERROR;
				GCC_WARN_UNDECLARED_SELECTOR = YES;
				GCC_WARN_UNINITIALIZED_AUTOS = YES_AGGRESSIVE;
				GCC_WARN_UNUSED_FUNCTION = YES;
				GCC_WARN_UNUSED_VARIABLE = YES;
				IPHONEOS_DEPLOYMENT_TARGET = 8.3;
				MTL_ENABLE_DEBUG_INFO = YES;
				ONLY_ACTIVE_ARCH = YES;
				SDKROOT = iphoneos;
				SWIFT_OPTIMIZATION_LEVEL = "-Onone";
			};
			name = Debug;
		};
		B8C534221B437E6B006C4875 /* Release */ = {
			isa = XCBuildConfiguration;
			buildSettings = {
				ALWAYS_SEARCH_USER_PATHS = NO;
				CLANG_CXX_LANGUAGE_STANDARD = "gnu++0x";
				CLANG_CXX_LIBRARY = "libc++";
				CLANG_ENABLE_MODULES = YES;
				CLANG_ENABLE_OBJC_ARC = YES;
				CLANG_WARN_BOOL_CONVERSION = YES;
				CLANG_WARN_CONSTANT_CONVERSION = YES;
				CLANG_WARN_DIRECT_OBJC_ISA_USAGE = YES_ERROR;
				CLANG_WARN_EMPTY_BODY = YES;
				CLANG_WARN_ENUM_CONVERSION = YES;
				CLANG_WARN_INT_CONVERSION = YES;
				CLANG_WARN_OBJC_ROOT_CLASS = YES_ERROR;
				CLANG_WARN_UNREACHABLE_CODE = YES;
				CLANG_WARN__DUPLICATE_METHOD_MATCH = YES;
				"CODE_SIGN_IDENTITY[sdk=iphoneos*]" = "iPhone Developer";
				COPY_PHASE_STRIP = NO;
				DEBUG_INFORMATION_FORMAT = "dwarf-with-dsym";
				ENABLE_NS_ASSERTIONS = NO;
				ENABLE_STRICT_OBJC_MSGSEND = YES;
				GCC_C_LANGUAGE_STANDARD = gnu99;
				GCC_NO_COMMON_BLOCKS = YES;
				GCC_WARN_64_TO_32_BIT_CONVERSION = YES;
				GCC_WARN_ABOUT_RETURN_TYPE = YES_ERROR;
				GCC_WARN_UNDECLARED_SELECTOR = YES;
				GCC_WARN_UNINITIALIZED_AUTOS = YES_AGGRESSIVE;
				GCC_WARN_UNUSED_FUNCTION = YES;
				GCC_WARN_UNUSED_VARIABLE = YES;
				IPHONEOS_DEPLOYMENT_TARGET = 8.3;
				MTL_ENABLE_DEBUG_INFO = NO;
				SDKROOT = iphoneos;
				VALIDATE_PRODUCT = YES;
			};
			name = Release;
		};
		B8C534241B437E6B006C4875 /* Debug */ = {
			isa = XCBuildConfiguration;
			buildSettings = {
				ASSETCATALOG_COMPILER_APPICON_NAME = AppIcon;
				INFOPLIST_FILE = MayaHoneyApp/Info.plist;
				LD_RUNPATH_SEARCH_PATHS = "$(inherited) @executable_path/Frameworks";
				PRODUCT_NAME = "$(TARGET_NAME)";
			};
			name = Debug;
		};
		B8C534251B437E6B006C4875 /* Release */ = {
			isa = XCBuildConfiguration;
			buildSettings = {
				ASSETCATALOG_COMPILER_APPICON_NAME = AppIcon;
				INFOPLIST_FILE = MayaHoneyApp/Info.plist;
				LD_RUNPATH_SEARCH_PATHS = "$(inherited) @executable_path/Frameworks";
				PRODUCT_NAME = "$(TARGET_NAME)";
			};
			name = Release;
		};
		B8C534271B437E6B006C4875 /* Debug */ = {
			isa = XCBuildConfiguration;
			buildSettings = {
				BUNDLE_LOADER = "$(TEST_HOST)";
				FRAMEWORK_SEARCH_PATHS = (
					"$(SDKROOT)/Developer/Library/Frameworks",
					"$(inherited)",
				);
				GCC_PREPROCESSOR_DEFINITIONS = (
					"DEBUG=1",
					"$(inherited)",
				);
				INFOPLIST_FILE = MayaHoneyAppTests/Info.plist;
				LD_RUNPATH_SEARCH_PATHS = "$(inherited) @executable_path/Frameworks @loader_path/Frameworks";
				PRODUCT_NAME = "$(TARGET_NAME)";
				TEST_HOST = "$(BUILT_PRODUCTS_DIR)/MayaHoneyApp.app/MayaHoneyApp";
			};
			name = Debug;
		};
		B8C534281B437E6B006C4875 /* Release */ = {
			isa = XCBuildConfiguration;
			buildSettings = {
				BUNDLE_LOADER = "$(TEST_HOST)";
				FRAMEWORK_SEARCH_PATHS = (
					"$(SDKROOT)/Developer/Library/Frameworks",
					"$(inherited)",
				);
				INFOPLIST_FILE = MayaHoneyAppTests/Info.plist;
				LD_RUNPATH_SEARCH_PATHS = "$(inherited) @executable_path/Frameworks @loader_path/Frameworks";
				PRODUCT_NAME = "$(TARGET_NAME)";
				TEST_HOST = "$(BUILT_PRODUCTS_DIR)/MayaHoneyApp.app/MayaHoneyApp";
			};
			name = Release;
		};
/* End XCBuildConfiguration section */

/* Begin XCConfigurationList section */
		B8C533FC1B437E6B006C4875 /* Build configuration list for PBXProject "MayaHoneyApp" */ = {
			isa = XCConfigurationList;
			buildConfigurations = (
				B8C534211B437E6B006C4875 /* Debug */,
				B8C534221B437E6B006C4875 /* Release */,
			);
			defaultConfigurationIsVisible = 0;
			defaultConfigurationName = Release;
		};
		B8C534231B437E6B006C4875 /* Build configuration list for PBXNativeTarget "MayaHoneyApp" */ = {
			isa = XCConfigurationList;
			buildConfigurations = (
				B8C534241B437E6B006C4875 /* Debug */,
				B8C534251B437E6B006C4875 /* Release */,
			);
			defaultConfigurationIsVisible = 0;
		};
		B8C534261B437E6B006C4875 /* Build configuration list for PBXNativeTarget "MayaHoneyAppTests" */ = {
			isa = XCConfigurationList;
			buildConfigurations = (
				B8C534271B437E6B006C4875 /* Debug */,
				B8C534281B437E6B006C4875 /* Release */,
			);
			defaultConfigurationIsVisible = 0;
		};
/* End XCConfigurationList section */

/* Begin XCVersionGroup section */
		B8C534081B437E6B006C4875 /* MayaHoneyApp.xcdatamodeld */ = {
			isa = XCVersionGroup;
			children = (
				B8C534091B437E6B006C4875 /* MayaHoneyApp.xcdatamodel */,
			);
			currentVersion = B8C534091B437E6B006C4875 /* MayaHoneyApp.xcdatamodel */;
			path = MayaHoneyApp.xcdatamodeld;
			sourceTree = "<group>";
			versionGroupType = wrapper.xcdatamodel;
		};
/* End XCVersionGroup section */
	};
	rootObject = B8C533F91B437E6B006C4875 /* Project object */;
}
